
Microsoft Visual Studio Solution File, Format Version 12.00
# Visual Studio Version 17
VisualStudioVersion = 17.6.33829.357
MinimumVisualStudioVersion = 10.0.40219.1
Project("{9A19103F-16F7-4668-BE54-9A1E7A4F7556}") = "E_Commerce", "E_Commerce\E_Commerce.csproj", "{990B002F-A80E-4500-9633-8E0B90790D13}"
EndProject
Project("{9A19103F-16F7-4668-BE54-9A1E7A4F7556}") = "E_Commerce.Data", "E_Commerce.Data\E_Commerce.Data.csproj", "{45128C34-979F-4904-8581-3F6D6E21A4B3}"
EndProject
Project("{9A19103F-16F7-4668-BE54-9A1E7A4F7556}") = "E_Commerce.Repository", "E_Commerce.Repository\E_Commerce.Repository.csproj", "{32E9B67A-4E07-438A-9ACA-62338FC38023}"
EndProject
Project("{9A19103F-16F7-4668-BE54-9A1E7A4F7556}") = "E_Commerce.Service", "E_Commerce.Service\E_Commerce.Service.csproj", "{E98155EB-F0EF-4BD7-9061-CBC0D41DA475}"
EndProject
Project("{9A19103F-16F7-4668-BE54-9A1E7A4F7556}") = "E_Commerce.Model", "E_Commerce.Model\E_Commerce.Model.csproj", "{2570BCEF-01DC-44F8-81AC-783022B311CF}"
EndProject
Project("{FAE04EC0-301F-11D3-BF4B-00C04F79EFBC}") = "E_Commerce.Dto", "Dto\E_Commerce.Dto.csproj", "{7B590405-53EA-452C-AC49-6640C59830E9}"
EndProject
Global
	GlobalSection(SolutionConfigurationPlatforms) = preSolution
		Debug|Any CPU = Debug|Any CPU
		Release|Any CPU = Release|Any CPU
	EndGlobalSection
	GlobalSection(ProjectConfigurationPlatforms) = postSolution
		{990B002F-A80E-4500-9633-8E0B90790D13}.Debug|Any CPU.ActiveCfg = Debug|Any CPU
		{990B002F-A80E-4500-9633-8E0B90790D13}.Debug|Any CPU.Build.0 = Debug|Any CPU
		{990B002F-A80E-4500-9633-8E0B90790D13}.Release|Any CPU.ActiveCfg = Release|Any CPU
		{990B002F-A80E-4500-9633-8E0B90790D13}.Release|Any CPU.Build.0 = Release|Any CPU
		{45128C34-979F-4904-8581-3F6D6E21A4B3}.Debug|Any CPU.ActiveCfg = Debug|Any CPU
		{45128C34-979F-4904-8581-3F6D6E21A4B3}.Debug|Any CPU.Build.0 = Debug|Any CPU
		{45128C34-979F-4904-8581-3F6D6E21A4B3}.Release|Any CPU.ActiveCfg = Release|Any CPU
		{45128C34-979F-4904-8581-3F6D6E21A4B3}.Release|Any CPU.Build.0 = Release|Any CPU
		{32E9B67A-4E07-438A-9ACA-62338FC38023}.Debug|Any CPU.ActiveCfg = Debug|Any CPU
		{32E9B67A-4E07-438A-9ACA-62338FC38023}.Debug|Any CPU.Build.0 = Debug|Any CPU
		{32E9B67A-4E07-438A-9ACA-62338FC38023}.Release|Any CPU.ActiveCfg = Release|Any CPU
		{32E9B67A-4E07-438A-9ACA-62338FC38023}.Release|Any CPU.Build.0 = Release|Any CPU
		{E98155EB-F0EF-4BD7-9061-CBC0D41DA475}.Debug|Any CPU.ActiveCfg = Debug|Any CPU
		{E98155EB-F0EF-4BD7-9061-CBC0D41DA475}.Debug|Any CPU.Build.0 = Debug|Any CPU
		{E98155EB-F0EF-4BD7-9061-CBC0D41DA475}.Release|Any CPU.ActiveCfg = Release|Any CPU
		{E98155EB-F0EF-4BD7-9061-CBC0D41DA475}.Release|Any CPU.Build.0 = Release|Any CPU
		{2570BCEF-01DC-44F8-81AC-783022B311CF}.Debug|Any CPU.ActiveCfg = Debug|Any CPU
		{2570BCEF-01DC-44F8-81AC-783022B311CF}.Debug|Any CPU.Build.0 = Debug|Any CPU
		{2570BCEF-01DC-44F8-81AC-783022B311CF}.Release|Any CPU.ActiveCfg = Release|Any CPU
		{2570BCEF-01DC-44F8-81AC-783022B311CF}.Release|Any CPU.Build.0 = Release|Any CPU
		{7B590405-53EA-452C-AC49-6640C59830E9}.Debug|Any CPU.ActiveCfg = Debug|Any CPU
		{7B590405-53EA-452C-AC49-6640C59830E9}.Debug|Any CPU.Build.0 = Debug|Any CPU
		{7B590405-53EA-452C-AC49-6640C59830E9}.Release|Any CPU.ActiveCfg = Release|Any CPU
		{7B590405-53EA-452C-AC49-6640C59830E9}.Release|Any CPU.Build.0 = Release|Any CPU
	EndGlobalSection
	GlobalSection(SolutionProperties) = preSolution
		HideSolutionNode = FALSE
	EndGlobalSection
	GlobalSection(ExtensibilityGlobals) = postSolution
		SolutionGuid = {2BFF493F-B792-4F73-AED3-A26C99CD0D3D}
	EndGlobalSection
EndGlobal
